# THIS IS AN AUTOGENERATED FILE. DO NOT EDIT THIS FILE DIRECTLY.
# yarn lockfile v1


prop-type@^0.0.1:
  version "0.0.1"
  resolved "https://registry.yarnpkg.com/prop-type/-/prop-type-0.0.1.tgz#4a211359cc622f7d2d1eee14d34afb7dfe7ea64e"
  integrity sha512-6+7BTexA1dif2J3zyeVZB5sn3KVb/7iRJKruWTHpeHD99rUmWTHp7Vp51rPGPIa9av4HX1g+2D2gdIAWOhI7gw==
